# This file is generated by running "yarn install" inside your project.
# Manual changes might be lost - proceed with caution!

__metadata:
  version: 6
  cacheKey: 8

"lodash@npm:^4.18.1":
  version: 4.18.1
  resolution: "lodash@npm:4.18.1"
  checksum: bb5f5b49aad29614e709af02b64c56b0f8b78c6a81434a3c1ae527d2f0f78ca08f9d9fb22aa825a053876c9d2166e9c01f31c356014b5e2bdc0556c057433102
  languageName: node
  linkType: hard

"root-workspace-0b6124@workspace:.":
  version: 0.0.0-use.local
  resolution: "root-workspace-0b6124@workspace:."
  dependencies:
    lodash: ^4.18.1
  languageName: unknown
  linkType: soft
