# This file is generated by running "yarn install" inside your project.
# Manual changes might be lost - proceed with caution!

__metadata:
  version: 6
  cacheKey: 8

"lodash@npm:^4.17.23":
  version: 4.17.23
  resolution: "lodash@npm:4.17.23"
  checksum: 7daad39758a72872e94651630fbb54ba76868f904211089721a64516ce865506a759d9ad3d8ff22a2a49a50a09db5d27c36f22762d21766e47e3ba918d6d7bab
  languageName: node
  linkType: hard

"root-workspace-0b6124@workspace:.":
  version: 0.0.0-use.local
  resolution: "root-workspace-0b6124@workspace:."
  dependencies:
    lodash: ^4.17.23
  languageName: unknown
  linkType: soft
