# This file is generated by running "yarn install" inside your project.
# Manual changes might be lost - proceed with caution!

__metadata:
  version: 8
  cacheKey: 10

"lodash@npm:^4.17.23":
  version: 4.17.23
  resolution: "lodash@npm:4.17.23"
  checksum: 10/82504c88250f58da7a5a4289f57a4f759c44946c005dd232821c7688b5fcfbf4a6268f6a6cdde4b792c91edd2f3b5398c1d2a0998274432cff76def48735e233
  languageName: node
  linkType: hard

"root-workspace-0b6124@workspace:.":
  version: 0.0.0-use.local
  resolution: "root-workspace-0b6124@workspace:."
  dependencies:
    lodash: "npm:^4.17.23"
  languageName: unknown
  linkType: soft
