# This file is generated by running "yarn install" inside your project.
# Manual changes might be lost - proceed with caution!

__metadata:
  version: 8
  cacheKey: 10

"lodash@npm:^4.18.1":
  version: 4.18.1
  resolution: "lodash@npm:4.18.1"
  checksum: 10/306fea53dfd39dad1f03d45ba654a2405aebd35797b673077f401edb7df2543623dc44b9effbb98f69b32152295fff725a4cec99c684098947430600c6af0c3f
  languageName: node
  linkType: hard

"root-workspace-0b6124@workspace:.":
  version: 0.0.0-use.local
  resolution: "root-workspace-0b6124@workspace:."
  dependencies:
    lodash: "npm:^4.18.1"
  languageName: unknown
  linkType: soft
