# This file is generated by running "yarn install" inside your project.
# Manual changes might be lost - proceed with caution!

__metadata:
  version: 4
  cacheKey: 7

"lodash@npm:^4.18.1":
  version: 4.18.1
  resolution: "lodash@npm:4.18.1"
  checksum: 53010951126731ba374c7f4ad513103f91b16c71f19acf606587647d551df5f645e5e3faeadc20f4e01be468ed4e6fb196121315fc0c0d98dfc51293a78bd223
  languageName: node
  linkType: hard

"root-workspace-0b6124@workspace:.":
  version: 0.0.0-use.local
  resolution: "root-workspace-0b6124@workspace:."
  dependencies:
    lodash: ^4.18.1
  languageName: unknown
  linkType: soft
